
Microsoft Visual Studio Solution File, Format Version 12.00
# Visual Studio Version 17
VisualStudioVersion = 17.7.34024.191
MinimumVisualStudioVersion = 10.0.40219.1
Project("{FAE04EC0-301F-11D3-BF4B-00C04F79EFBC}") = "2.7.PracticWork", "2.7.PracticWork.csproj", "{F5A34068-552F-4EDA-8E53-09F83683B208}"
EndProject
Global
	GlobalSection(SolutionConfigurationPlatforms) = preSolution
		Debug|Any CPU = Debug|Any CPU
		Release|Any CPU = Release|Any CPU
	EndGlobalSection
	GlobalSection(ProjectConfigurationPlatforms) = postSolution
		{F5A34068-552F-4EDA-8E53-09F83683B208}.Debug|Any CPU.ActiveCfg = Debug|Any CPU
		{F5A34068-552F-4EDA-8E53-09F83683B208}.Debug|Any CPU.Build.0 = Debug|Any CPU
		{F5A34068-552F-4EDA-8E53-09F83683B208}.Release|Any CPU.ActiveCfg = Release|Any CPU
		{F5A34068-552F-4EDA-8E53-09F83683B208}.Release|Any CPU.Build.0 = Release|Any CPU
	EndGlobalSection
	GlobalSection(SolutionProperties) = preSolution
		HideSolutionNode = FALSE
	EndGlobalSection
	GlobalSection(ExtensibilityGlobals) = postSolution
		SolutionGuid = {DD87A26B-0EA7-450E-AF01-B5C13460C6C8}
	EndGlobalSection
EndGlobal
